
Microsoft Visual Studio Solution File, Format Version 12.00
# Visual Studio Version 16
VisualStudioVersion = 16.0.30413.136
MinimumVisualStudioVersion = 10.0.40219.1
Project("{FAE04EC0-301F-11D3-BF4B-00C04F79EFBC}") = "WPFCalculator", "WPFCalculator\WPFCalculator.csproj", "{F8098345-6535-4FAD-9EE4-3FF4587D5D0F}"
EndProject
Global
	GlobalSection(SolutionConfigurationPlatforms) = preSolution
		Debug|Any CPU = Debug|Any CPU
		Release|Any CPU = Release|Any CPU
	EndGlobalSection
	GlobalSection(ProjectConfigurationPlatforms) = postSolution
		{F8098345-6535-4FAD-9EE4-3FF4587D5D0F}.Debug|Any CPU.ActiveCfg = Debug|Any CPU
		{F8098345-6535-4FAD-9EE4-3FF4587D5D0F}.Debug|Any CPU.Build.0 = Debug|Any CPU
		{F8098345-6535-4FAD-9EE4-3FF4587D5D0F}.Release|Any CPU.ActiveCfg = Release|Any CPU
		{F8098345-6535-4FAD-9EE4-3FF4587D5D0F}.Release|Any CPU.Build.0 = Release|Any CPU
	EndGlobalSection
	GlobalSection(SolutionProperties) = preSolution
		HideSolutionNode = FALSE
	EndGlobalSection
	GlobalSection(ExtensibilityGlobals) = postSolution
		SolutionGuid = {6952E952-4685-4584-9657-BA84B44E5BF9}
	EndGlobalSection
EndGlobal
